
Microsoft Visual Studio Solution File, Format Version 12.00
# Visual Studio 14
VisualStudioVersion = 14.0.25123.0
MinimumVisualStudioVersion = 10.0.40219.1
Project("{FAE04EC0-301F-11D3-BF4B-00C04F79EFBC}") = "Client.UI", "Client.UI\Client.UI.csproj", "{F9373EDD-DE6A-43AC-B207-89AB14C2A1B8}"
EndProject
Project("{FAE04EC0-301F-11D3-BF4B-00C04F79EFBC}") = "Chat.DataService", "Chat.DataService\Chat.DataService.csproj", "{7B57BDC2-CEC0-4790-8C7D-AE033C304740}"
EndProject
Project("{FAE04EC0-301F-11D3-BF4B-00C04F79EFBC}") = "NotificationService", "NotificationService\NotificationService.csproj", "{71D23549-2E49-4A32-8F33-754330620C6D}"
EndProject
Project("{FAE04EC0-301F-11D3-BF4B-00C04F79EFBC}") = "DTO", "DTO\DTO.csproj", "{C09EAEDD-C5CF-4151-8CEC-C5360F1498B7}"
EndProject
Project("{FAE04EC0-301F-11D3-BF4B-00C04F79EFBC}") = "DataServiceClient", "DataServiceClient\DataServiceClient.csproj", "{CEC71AC6-DD7A-417F-A6FE-BBE8057E3D72}"
EndProject
Project("{FAE04EC0-301F-11D3-BF4B-00C04F79EFBC}") = "CommunicationLibrary", "CommunicationLibrary\CommunicationLibrary.csproj", "{7FC1F8CE-E985-4C81-B945-92A43FFD3164}"
EndProject
Project("{FAE04EC0-301F-11D3-BF4B-00C04F79EFBC}") = "P2PCommunicationLibrary", "P2PCommunicationLibrary\P2PCommunicationLibrary.csproj", "{2AF1E3FE-6FCC-4AA4-A0AE-7E7DD7CD4930}"
EndProject
Project("{FAE04EC0-301F-11D3-BF4B-00C04F79EFBC}") = "SuperPeerApp", "SuperPeerApp\SuperPeerApp.csproj", "{B08A7EE1-D4CB-45F6-BE51-A785EAB9E705}"
EndProject
Global
	GlobalSection(SolutionConfigurationPlatforms) = preSolution
		Debug|Any CPU = Debug|Any CPU
		Release|Any CPU = Release|Any CPU
	EndGlobalSection
	GlobalSection(ProjectConfigurationPlatforms) = postSolution
		{F9373EDD-DE6A-43AC-B207-89AB14C2A1B8}.Debug|Any CPU.ActiveCfg = Debug|Any CPU
		{F9373EDD-DE6A-43AC-B207-89AB14C2A1B8}.Debug|Any CPU.Build.0 = Debug|Any CPU
		{F9373EDD-DE6A-43AC-B207-89AB14C2A1B8}.Release|Any CPU.ActiveCfg = Release|Any CPU
		{F9373EDD-DE6A-43AC-B207-89AB14C2A1B8}.Release|Any CPU.Build.0 = Release|Any CPU
		{7B57BDC2-CEC0-4790-8C7D-AE033C304740}.Debug|Any CPU.ActiveCfg = Debug|Any CPU
		{7B57BDC2-CEC0-4790-8C7D-AE033C304740}.Debug|Any CPU.Build.0 = Debug|Any CPU
		{7B57BDC2-CEC0-4790-8C7D-AE033C304740}.Release|Any CPU.ActiveCfg = Release|Any CPU
		{7B57BDC2-CEC0-4790-8C7D-AE033C304740}.Release|Any CPU.Build.0 = Release|Any CPU
		{71D23549-2E49-4A32-8F33-754330620C6D}.Debug|Any CPU.ActiveCfg = Debug|Any CPU
		{71D23549-2E49-4A32-8F33-754330620C6D}.Debug|Any CPU.Build.0 = Debug|Any CPU
		{71D23549-2E49-4A32-8F33-754330620C6D}.Release|Any CPU.ActiveCfg = Release|Any CPU
		{71D23549-2E49-4A32-8F33-754330620C6D}.Release|Any CPU.Build.0 = Release|Any CPU
		{C09EAEDD-C5CF-4151-8CEC-C5360F1498B7}.Debug|Any CPU.ActiveCfg = Debug|Any CPU
		{C09EAEDD-C5CF-4151-8CEC-C5360F1498B7}.Debug|Any CPU.Build.0 = Debug|Any CPU
		{C09EAEDD-C5CF-4151-8CEC-C5360F1498B7}.Release|Any CPU.ActiveCfg = Release|Any CPU
		{C09EAEDD-C5CF-4151-8CEC-C5360F1498B7}.Release|Any CPU.Build.0 = Release|Any CPU
		{CEC71AC6-DD7A-417F-A6FE-BBE8057E3D72}.Debug|Any CPU.ActiveCfg = Debug|Any CPU
		{CEC71AC6-DD7A-417F-A6FE-BBE8057E3D72}.Debug|Any CPU.Build.0 = Debug|Any CPU
		{CEC71AC6-DD7A-417F-A6FE-BBE8057E3D72}.Release|Any CPU.ActiveCfg = Release|Any CPU
		{CEC71AC6-DD7A-417F-A6FE-BBE8057E3D72}.Release|Any CPU.Build.0 = Release|Any CPU
		{7FC1F8CE-E985-4C81-B945-92A43FFD3164}.Debug|Any CPU.ActiveCfg = Debug|Any CPU
		{7FC1F8CE-E985-4C81-B945-92A43FFD3164}.Debug|Any CPU.Build.0 = Debug|Any CPU
		{7FC1F8CE-E985-4C81-B945-92A43FFD3164}.Release|Any CPU.ActiveCfg = Release|Any CPU
		{7FC1F8CE-E985-4C81-B945-92A43FFD3164}.Release|Any CPU.Build.0 = Release|Any CPU
		{2AF1E3FE-6FCC-4AA4-A0AE-7E7DD7CD4930}.Debug|Any CPU.ActiveCfg = Debug|Any CPU
		{2AF1E3FE-6FCC-4AA4-A0AE-7E7DD7CD4930}.Debug|Any CPU.Build.0 = Debug|Any CPU
		{2AF1E3FE-6FCC-4AA4-A0AE-7E7DD7CD4930}.Release|Any CPU.ActiveCfg = Release|Any CPU
		{2AF1E3FE-6FCC-4AA4-A0AE-7E7DD7CD4930}.Release|Any CPU.Build.0 = Release|Any CPU
		{B08A7EE1-D4CB-45F6-BE51-A785EAB9E705}.Debug|Any CPU.ActiveCfg = Debug|Any CPU
		{B08A7EE1-D4CB-45F6-BE51-A785EAB9E705}.Debug|Any CPU.Build.0 = Debug|Any CPU
		{B08A7EE1-D4CB-45F6-BE51-A785EAB9E705}.Release|Any CPU.ActiveCfg = Release|Any CPU
		{B08A7EE1-D4CB-45F6-BE51-A785EAB9E705}.Release|Any CPU.Build.0 = Release|Any CPU
	EndGlobalSection
	GlobalSection(SolutionProperties) = preSolution
		HideSolutionNode = FALSE
	EndGlobalSection
EndGlobal
